
Microsoft Visual Studio Solution File, Format Version 12.00
# Visual Studio 14
VisualStudioVersion = 14.0.25420.1
MinimumVisualStudioVersion = 10.0.40219.1
Project("{FAE04EC0-301F-11D3-BF4B-00C04F79EFBC}") = "DHT", "DHT\DHT.csproj", "{CF2D500F-1EBF-43EE-B8C4-4096DA5CFBA4}"
EndProject
Project("{FAE04EC0-301F-11D3-BF4B-00C04F79EFBC}") = "DHT.Tests", "DHT.Tests\DHT.Tests.csproj", "{2B4BDB45-4547-41B4-89BD-453B0D6F7EF4}"
EndProject
Project("{FAE04EC0-301F-11D3-BF4B-00C04F79EFBC}") = "DHT.ProtocolBuffers", "DHT.ProtocolBuffers\DHT.ProtocolBuffers.csproj", "{76BAF981-F995-4CB9-B9D5-229A822BD8FF}"
EndProject
Project("{FAE04EC0-301F-11D3-BF4B-00C04F79EFBC}") = "DHT.Runner", "DHT.Runner\DHT.Runner.csproj", "{40FABD93-3D5C-4DDD-99B5-288378F41FC2}"
EndProject
Project("{FAE04EC0-301F-11D3-BF4B-00C04F79EFBC}") = "DHT.Network.NodeRunner", "DHT.Network.NodeRunner\DHT.Network.NodeRunner.csproj", "{07E4BBDF-A699-417A-AE38-CE60D953680E}"
EndProject
Global
	GlobalSection(SolutionConfigurationPlatforms) = preSolution
		Debug|Any CPU = Debug|Any CPU
		Release|Any CPU = Release|Any CPU
	EndGlobalSection
	GlobalSection(ProjectConfigurationPlatforms) = postSolution
		{CF2D500F-1EBF-43EE-B8C4-4096DA5CFBA4}.Debug|Any CPU.ActiveCfg = Debug|Any CPU
		{CF2D500F-1EBF-43EE-B8C4-4096DA5CFBA4}.Debug|Any CPU.Build.0 = Debug|Any CPU
		{CF2D500F-1EBF-43EE-B8C4-4096DA5CFBA4}.Release|Any CPU.ActiveCfg = Release|Any CPU
		{CF2D500F-1EBF-43EE-B8C4-4096DA5CFBA4}.Release|Any CPU.Build.0 = Release|Any CPU
		{2B4BDB45-4547-41B4-89BD-453B0D6F7EF4}.Debug|Any CPU.ActiveCfg = Debug|Any CPU
		{2B4BDB45-4547-41B4-89BD-453B0D6F7EF4}.Debug|Any CPU.Build.0 = Debug|Any CPU
		{2B4BDB45-4547-41B4-89BD-453B0D6F7EF4}.Release|Any CPU.ActiveCfg = Release|Any CPU
		{2B4BDB45-4547-41B4-89BD-453B0D6F7EF4}.Release|Any CPU.Build.0 = Release|Any CPU
		{76BAF981-F995-4CB9-B9D5-229A822BD8FF}.Debug|Any CPU.ActiveCfg = Debug|Any CPU
		{76BAF981-F995-4CB9-B9D5-229A822BD8FF}.Debug|Any CPU.Build.0 = Debug|Any CPU
		{76BAF981-F995-4CB9-B9D5-229A822BD8FF}.Release|Any CPU.ActiveCfg = Release|Any CPU
		{76BAF981-F995-4CB9-B9D5-229A822BD8FF}.Release|Any CPU.Build.0 = Release|Any CPU
		{40FABD93-3D5C-4DDD-99B5-288378F41FC2}.Debug|Any CPU.ActiveCfg = Debug|Any CPU
		{40FABD93-3D5C-4DDD-99B5-288378F41FC2}.Debug|Any CPU.Build.0 = Debug|Any CPU
		{40FABD93-3D5C-4DDD-99B5-288378F41FC2}.Release|Any CPU.ActiveCfg = Release|Any CPU
		{40FABD93-3D5C-4DDD-99B5-288378F41FC2}.Release|Any CPU.Build.0 = Release|Any CPU
		{07E4BBDF-A699-417A-AE38-CE60D953680E}.Debug|Any CPU.ActiveCfg = Debug|Any CPU
		{07E4BBDF-A699-417A-AE38-CE60D953680E}.Debug|Any CPU.Build.0 = Debug|Any CPU
		{07E4BBDF-A699-417A-AE38-CE60D953680E}.Release|Any CPU.ActiveCfg = Release|Any CPU
		{07E4BBDF-A699-417A-AE38-CE60D953680E}.Release|Any CPU.Build.0 = Release|Any CPU
	EndGlobalSection
	GlobalSection(SolutionProperties) = preSolution
		HideSolutionNode = FALSE
	EndGlobalSection
EndGlobal
